
Microsoft Visual Studio Solution File, Format Version 12.00
# Visual Studio 15
VisualStudioVersion = 15.0.28307.421
MinimumVisualStudioVersion = 10.0.40219.1
Project("{FAE04EC0-301F-11D3-BF4B-00C04F79EFBC}") = "Excercise1b", "Excercise1b\Excercise1b.csproj", "{405FFE0E-987F-4779-8ACD-E4CBE6C6393D}"
EndProject
Global
	GlobalSection(SolutionConfigurationPlatforms) = preSolution
		Debug|Any CPU = Debug|Any CPU
		Release|Any CPU = Release|Any CPU
	EndGlobalSection
	GlobalSection(ProjectConfigurationPlatforms) = postSolution
		{405FFE0E-987F-4779-8ACD-E4CBE6C6393D}.Debug|Any CPU.ActiveCfg = Debug|Any CPU
		{405FFE0E-987F-4779-8ACD-E4CBE6C6393D}.Debug|Any CPU.Build.0 = Debug|Any CPU
		{405FFE0E-987F-4779-8ACD-E4CBE6C6393D}.Release|Any CPU.ActiveCfg = Release|Any CPU
		{405FFE0E-987F-4779-8ACD-E4CBE6C6393D}.Release|Any CPU.Build.0 = Release|Any CPU
	EndGlobalSection
	GlobalSection(SolutionProperties) = preSolution
		HideSolutionNode = FALSE
	EndGlobalSection
	GlobalSection(ExtensibilityGlobals) = postSolution
		SolutionGuid = {9F125327-C471-4049-84A1-EA65EF97B73A}
	EndGlobalSection
EndGlobal
